// !$*UTF8*$!
{
	archiveVersion = 1;
	classes = {
	};
	objectVersion = 51;
	objects = {

/* Begin PBXBuildFile section */
		5AFF2DA9FB485D6841EBAE84 /* Pods_ContactAppTests.framework in Frameworks */ = {isa = PBXBuildFile; fileRef = FBEB0EDFE813D0EC87A26CE1 /* Pods_ContactAppTests.framework */; };
		78DA7671C53097F052133186 /* Pods_ContactApp_ContactAppUITests.framework in Frameworks */ = {isa = PBXBuildFile; fileRef = AE50DA5C961B96AB4D89E176 /* Pods_ContactApp_ContactAppUITests.framework */; };
		B65DFDD32356AA8E00901286 /* AppRoot.swift in Sources */ = {isa = PBXBuildFile; fileRef = B65DFDD22356AA8E00901286 /* AppRoot.swift */; };
		B65DFDE32356AB2100901286 /* ContactListUI.swift in Sources */ = {isa = PBXBuildFile; fileRef = B65DFDD92356AB2100901286 /* ContactListUI.swift */; };
		B65DFDE42356AB2100901286 /* ContactListUI.xib in Resources */ = {isa = PBXBuildFile; fileRef = B65DFDDA2356AB2100901286 /* ContactListUI.xib */; };
		B65DFDE52356AB2100901286 /* ContactListContract.swift in Sources */ = {isa = PBXBuildFile; fileRef = B65DFDDC2356AB2100901286 /* ContactListContract.swift */; };
		B65DFDE62356AB2100901286 /* ContactListPresenter.swift in Sources */ = {isa = PBXBuildFile; fileRef = B65DFDDE2356AB2100901286 /* ContactListPresenter.swift */; };
		B65DFDE72356AB2100901286 /* ContactListInteractor.swift in Sources */ = {isa = PBXBuildFile; fileRef = B65DFDE02356AB2100901286 /* ContactListInteractor.swift */; };
		B65DFDE82356AB2100901286 /* ContactListRouter.swift in Sources */ = {isa = PBXBuildFile; fileRef = B65DFDE22356AB2100901286 /* ContactListRouter.swift */; };
		B65DFDEB2356ABA600901286 /* PresentableView.swift in Sources */ = {isa = PBXBuildFile; fileRef = B65DFDEA2356ABA600901286 /* PresentableView.swift */; };
		B65DFDED2356AC1B00901286 /* DataSource.swift in Sources */ = {isa = PBXBuildFile; fileRef = B65DFDEC2356AC1B00901286 /* DataSource.swift */; };
		B65DFDEF2356AC3C00901286 /* CellRepresentable.swift in Sources */ = {isa = PBXBuildFile; fileRef = B65DFDEE2356AC3C00901286 /* CellRepresentable.swift */; };
		B65DFDF12356ACD000901286 /* ContactListViewModel.swift in Sources */ = {isa = PBXBuildFile; fileRef = B65DFDF02356ACD000901286 /* ContactListViewModel.swift */; };
		B65DFDF42356AD2200901286 /* CommonContactListViewCellKind.swift in Sources */ = {isa = PBXBuildFile; fileRef = B65DFDF32356AD2200901286 /* CommonContactListViewCellKind.swift */; };
		B65DFDF82356AD6600901286 /* ContactListsTableViewCell.swift in Sources */ = {isa = PBXBuildFile; fileRef = B65DFDF62356AD6600901286 /* ContactListsTableViewCell.swift */; };
		B65DFDF92356AD6600901286 /* ContactListsTableViewCell.xib in Resources */ = {isa = PBXBuildFile; fileRef = B65DFDF72356AD6600901286 /* ContactListsTableViewCell.xib */; };
		B65DFDFC2356AD7F00901286 /* ContactListsTableViewCellViewModel.swift in Sources */ = {isa = PBXBuildFile; fileRef = B65DFDFB2356AD7F00901286 /* ContactListsTableViewCellViewModel.swift */; };
		B65DFDFE2356ADB500901286 /* ContactListCellType.swift in Sources */ = {isa = PBXBuildFile; fileRef = B65DFDFD2356ADB500901286 /* ContactListCellType.swift */; };
		B65DFE052356AF6300901286 /* UIBezierPath+.swift in Sources */ = {isa = PBXBuildFile; fileRef = B65DFE012356AF6300901286 /* UIBezierPath+.swift */; };
		B65DFE062356AF6300901286 /* LoadingPlaceholderView.swift in Sources */ = {isa = PBXBuildFile; fileRef = B65DFE022356AF6300901286 /* LoadingPlaceholderView.swift */; };
		B65DFE072356AF6300901286 /* Coverable+UIKit.swift in Sources */ = {isa = PBXBuildFile; fileRef = B65DFE032356AF6300901286 /* Coverable+UIKit.swift */; };
		B65DFE082356AF6300901286 /* Coverable.swift in Sources */ = {isa = PBXBuildFile; fileRef = B65DFE042356AF6300901286 /* Coverable.swift */; };
		B6F4B1A52356A853008CC1E2 /* AppDelegate.swift in Sources */ = {isa = PBXBuildFile; fileRef = B6F4B1A42356A853008CC1E2 /* AppDelegate.swift */; };
		B6F4B1AE2356A855008CC1E2 /* Assets.xcassets in Resources */ = {isa = PBXBuildFile; fileRef = B6F4B1AD2356A855008CC1E2 /* Assets.xcassets */; };
		B6F4B1B12356A855008CC1E2 /* LaunchScreen.storyboard in Resources */ = {isa = PBXBuildFile; fileRef = B6F4B1AF2356A855008CC1E2 /* LaunchScreen.storyboard */; };
		B6F4B1BC2356A855008CC1E2 /* ContactAppTests.swift in Sources */ = {isa = PBXBuildFile; fileRef = B6F4B1BB2356A855008CC1E2 /* ContactAppTests.swift */; };
		B6F4B1C72356A855008CC1E2 /* ContactAppUITests.swift in Sources */ = {isa = PBXBuildFile; fileRef = B6F4B1C62356A855008CC1E2 /* ContactAppUITests.swift */; };
		DD904C66FB06323937C961B8 /* Pods_ContactApp.framework in Frameworks */ = {isa = PBXBuildFile; fileRef = 27ED4DA7D16740FBDA37D715 /* Pods_ContactApp.framework */; };
/* End PBXBuildFile section */

/* Begin PBXContainerItemProxy section */
		B6F4B1B82356A855008CC1E2 /* PBXContainerItemProxy */ = {
			isa = PBXContainerItemProxy;
			containerPortal = B6F4B1992356A853008CC1E2 /* Project object */;
			proxyType = 1;
			remoteGlobalIDString = B6F4B1A02356A853008CC1E2;
			remoteInfo = ContactApp;
		};
		B6F4B1C32356A855008CC1E2 /* PBXContainerItemProxy */ = {
			isa = PBXContainerItemProxy;
			containerPortal = B6F4B1992356A853008CC1E2 /* Project object */;
			proxyType = 1;
			remoteGlobalIDString = B6F4B1A02356A853008CC1E2;
			remoteInfo = ContactApp;
		};
/* End PBXContainerItemProxy section */

/* Begin PBXFileReference section */
		27ED4DA7D16740FBDA37D715 /* Pods_ContactApp.framework */ = {isa = PBXFileReference; explicitFileType = wrapper.framework; includeInIndex = 0; path = Pods_ContactApp.framework; sourceTree = BUILT_PRODUCTS_DIR; };
		812C6AF0E0BCE211D9FE9875 /* Pods-ContactApp-ContactAppUITests.release.xcconfig */ = {isa = PBXFileReference; includeInIndex = 1; lastKnownFileType = text.xcconfig; name = "Pods-ContactApp-ContactAppUITests.release.xcconfig"; path = "Target Support Files/Pods-ContactApp-ContactAppUITests/Pods-ContactApp-ContactAppUITests.release.xcconfig"; sourceTree = "<group>"; };
		AE50DA5C961B96AB4D89E176 /* Pods_ContactApp_ContactAppUITests.framework */ = {isa = PBXFileReference; explicitFileType = wrapper.framework; includeInIndex = 0; path = Pods_ContactApp_ContactAppUITests.framework; sourceTree = BUILT_PRODUCTS_DIR; };
		B2600B10B0D54E6C602B16C8 /* Pods-ContactAppTests.debug.xcconfig */ = {isa = PBXFileReference; includeInIndex = 1; lastKnownFileType = text.xcconfig; name = "Pods-ContactAppTests.debug.xcconfig"; path = "Target Support Files/Pods-ContactAppTests/Pods-ContactAppTests.debug.xcconfig"; sourceTree = "<group>"; };
		B65DFDD22356AA8E00901286 /* AppRoot.swift */ = {isa = PBXFileReference; lastKnownFileType = sourcecode.swift; path = AppRoot.swift; sourceTree = "<group>"; };
		B65DFDD92356AB2100901286 /* ContactListUI.swift */ = {isa = PBXFileReference; fileEncoding = 4; lastKnownFileType = sourcecode.swift; path = ContactListUI.swift; sourceTree = "<group>"; };
		B65DFDDA2356AB2100901286 /* ContactListUI.xib */ = {isa = PBXFileReference; fileEncoding = 4; lastKnownFileType = file.xib; path = ContactListUI.xib; sourceTree = "<group>"; };
		B65DFDDC2356AB2100901286 /* ContactListContract.swift */ = {isa = PBXFileReference; fileEncoding = 4; lastKnownFileType = sourcecode.swift; path = ContactListContract.swift; sourceTree = "<group>"; };
		B65DFDDE2356AB2100901286 /* ContactListPresenter.swift */ = {isa = PBXFileReference; fileEncoding = 4; lastKnownFileType = sourcecode.swift; path = ContactListPresenter.swift; sourceTree = "<group>"; };
		B65DFDE02356AB2100901286 /* ContactListInteractor.swift */ = {isa = PBXFileReference; fileEncoding = 4; lastKnownFileType = sourcecode.swift; path = ContactListInteractor.swift; sourceTree = "<group>"; };
		B65DFDE22356AB2100901286 /* ContactListRouter.swift */ = {isa = PBXFileReference; fileEncoding = 4; lastKnownFileType = sourcecode.swift; path = ContactListRouter.swift; sourceTree = "<group>"; };
		B65DFDEA2356ABA600901286 /* PresentableView.swift */ = {isa = PBXFileReference; lastKnownFileType = sourcecode.swift; path = PresentableView.swift; sourceTree = "<group>"; };
		B65DFDEC2356AC1B00901286 /* DataSource.swift */ = {isa = PBXFileReference; lastKnownFileType = sourcecode.swift; path = DataSource.swift; sourceTree = "<group>"; };
		B65DFDEE2356AC3C00901286 /* CellRepresentable.swift */ = {isa = PBXFileReference; lastKnownFileType = sourcecode.swift; path = CellRepresentable.swift; sourceTree = "<group>"; };
		B65DFDF02356ACD000901286 /* ContactListViewModel.swift */ = {isa = PBXFileReference; lastKnownFileType = sourcecode.swift; path = ContactListViewModel.swift; sourceTree = "<group>"; };
		B65DFDF32356AD2200901286 /* CommonContactListViewCellKind.swift */ = {isa = PBXFileReference; lastKnownFileType = sourcecode.swift; path = CommonContactListViewCellKind.swift; sourceTree = "<group>"; };
		B65DFDF62356AD6600901286 /* ContactListsTableViewCell.swift */ = {isa = PBXFileReference; lastKnownFileType = sourcecode.swift; path = ContactListsTableViewCell.swift; sourceTree = "<group>"; };
		B65DFDF72356AD6600901286 /* ContactListsTableViewCell.xib */ = {isa = PBXFileReference; lastKnownFileType = file.xib; path = ContactListsTableViewCell.xib; sourceTree = "<group>"; };
		B65DFDFB2356AD7F00901286 /* ContactListsTableViewCellViewModel.swift */ = {isa = PBXFileReference; lastKnownFileType = sourcecode.swift; path = ContactListsTableViewCellViewModel.swift; sourceTree = "<group>"; };
		B65DFDFD2356ADB500901286 /* ContactListCellType.swift */ = {isa = PBXFileReference; lastKnownFileType = sourcecode.swift; path = ContactListCellType.swift; sourceTree = "<group>"; };
		B65DFE012356AF6300901286 /* UIBezierPath+.swift */ = {isa = PBXFileReference; fileEncoding = 4; lastKnownFileType = sourcecode.swift; path = "UIBezierPath+.swift"; sourceTree = "<group>"; };
		B65DFE022356AF6300901286 /* LoadingPlaceholderView.swift */ = {isa = PBXFileReference; fileEncoding = 4; lastKnownFileType = sourcecode.swift; path = LoadingPlaceholderView.swift; sourceTree = "<group>"; };
		B65DFE032356AF6300901286 /* Coverable+UIKit.swift */ = {isa = PBXFileReference; fileEncoding = 4; lastKnownFileType = sourcecode.swift; path = "Coverable+UIKit.swift"; sourceTree = "<group>"; };
		B65DFE042356AF6300901286 /* Coverable.swift */ = {isa = PBXFileReference; fileEncoding = 4; lastKnownFileType = sourcecode.swift; path = Coverable.swift; sourceTree = "<group>"; };
		B6F4B1A12356A853008CC1E2 /* ContactApp.app */ = {isa = PBXFileReference; explicitFileType = wrapper.application; includeInIndex = 0; path = ContactApp.app; sourceTree = BUILT_PRODUCTS_DIR; };
		B6F4B1A42356A853008CC1E2 /* AppDelegate.swift */ = {isa = PBXFileReference; lastKnownFileType = sourcecode.swift; path = AppDelegate.swift; sourceTree = "<group>"; };
		B6F4B1AD2356A855008CC1E2 /* Assets.xcassets */ = {isa = PBXFileReference; lastKnownFileType = folder.assetcatalog; path = Assets.xcassets; sourceTree = "<group>"; };
		B6F4B1B02356A855008CC1E2 /* Base */ = {isa = PBXFileReference; lastKnownFileType = file.storyboard; name = Base; path = Base.lproj/LaunchScreen.storyboard; sourceTree = "<group>"; };
		B6F4B1B22356A855008CC1E2 /* Info.plist */ = {isa = PBXFileReference; lastKnownFileType = text.plist.xml; path = Info.plist; sourceTree = "<group>"; };
		B6F4B1B72356A855008CC1E2 /* ContactAppTests.xctest */ = {isa = PBXFileReference; explicitFileType = wrapper.cfbundle; includeInIndex = 0; path = ContactAppTests.xctest; sourceTree = BUILT_PRODUCTS_DIR; };
		B6F4B1BB2356A855008CC1E2 /* ContactAppTests.swift */ = {isa = PBXFileReference; lastKnownFileType = sourcecode.swift; path = ContactAppTests.swift; sourceTree = "<group>"; };
		B6F4B1BD2356A855008CC1E2 /* Info.plist */ = {isa = PBXFileReference; lastKnownFileType = text.plist.xml; path = Info.plist; sourceTree = "<group>"; };
		B6F4B1C22356A855008CC1E2 /* ContactAppUITests.xctest */ = {isa = PBXFileReference; explicitFileType = wrapper.cfbundle; includeInIndex = 0; path = ContactAppUITests.xctest; sourceTree = BUILT_PRODUCTS_DIR; };
		B6F4B1C62356A855008CC1E2 /* ContactAppUITests.swift */ = {isa = PBXFileReference; lastKnownFileType = sourcecode.swift; path = ContactAppUITests.swift; sourceTree = "<group>"; };
		B6F4B1C82356A855008CC1E2 /* Info.plist */ = {isa = PBXFileReference; lastKnownFileType = text.plist.xml; path = Info.plist; sourceTree = "<group>"; };
		C64C043BB203A5B227FAEFFA /* Pods-ContactApp.debug.xcconfig */ = {isa = PBXFileReference; includeInIndex = 1; lastKnownFileType = text.xcconfig; name = "Pods-ContactApp.debug.xcconfig"; path = "Target Support Files/Pods-ContactApp/Pods-ContactApp.debug.xcconfig"; sourceTree = "<group>"; };
		D3DE775E3317524E89E92EEB /* Pods-ContactApp.release.xcconfig */ = {isa = PBXFileReference; includeInIndex = 1; lastKnownFileType = text.xcconfig; name = "Pods-ContactApp.release.xcconfig"; path = "Target Support Files/Pods-ContactApp/Pods-ContactApp.release.xcconfig"; sourceTree = "<group>"; };
		E77BF270A152C8982778C614 /* Pods-ContactApp-ContactAppUITests.debug.xcconfig */ = {isa = PBXFileReference; includeInIndex = 1; lastKnownFileType = text.xcconfig; name = "Pods-ContactApp-ContactAppUITests.debug.xcconfig"; path = "Target Support Files/Pods-ContactApp-ContactAppUITests/Pods-ContactApp-ContactAppUITests.debug.xcconfig"; sourceTree = "<group>"; };
		F434EB9D98823274D3A1FC3B /* Pods-ContactAppTests.release.xcconfig */ = {isa = PBXFileReference; includeInIndex = 1; lastKnownFileType = text.xcconfig; name = "Pods-ContactAppTests.release.xcconfig"; path = "Target Support Files/Pods-ContactAppTests/Pods-ContactAppTests.release.xcconfig"; sourceTree = "<group>"; };
		FBEB0EDFE813D0EC87A26CE1 /* Pods_ContactAppTests.framework */ = {isa = PBXFileReference; explicitFileType = wrapper.framework; includeInIndex = 0; path = Pods_ContactAppTests.framework; sourceTree = BUILT_PRODUCTS_DIR; };
/* End PBXFileReference section */

/* Begin PBXFrameworksBuildPhase section */
		B6F4B19E2356A853008CC1E2 /* Frameworks */ = {
			isa = PBXFrameworksBuildPhase;
			buildActionMask = 2147483647;
			files = (
				DD904C66FB06323937C961B8 /* Pods_ContactApp.framework in Frameworks */,
			);
			runOnlyForDeploymentPostprocessing = 0;
		};
		B6F4B1B42356A855008CC1E2 /* Frameworks */ = {
			isa = PBXFrameworksBuildPhase;
			buildActionMask = 2147483647;
			files = (
				5AFF2DA9FB485D6841EBAE84 /* Pods_ContactAppTests.framework in Frameworks */,
			);
			runOnlyForDeploymentPostprocessing = 0;
		};
		B6F4B1BF2356A855008CC1E2 /* Frameworks */ = {
			isa = PBXFrameworksBuildPhase;
			buildActionMask = 2147483647;
			files = (
				78DA7671C53097F052133186 /* Pods_ContactApp_ContactAppUITests.framework in Frameworks */,
			);
			runOnlyForDeploymentPostprocessing = 0;
		};
/* End PBXFrameworksBuildPhase section */

/* Begin PBXGroup section */
		5277860D9D77F72A753932A2 /* Pods */ = {
			isa = PBXGroup;
			children = (
				C64C043BB203A5B227FAEFFA /* Pods-ContactApp.debug.xcconfig */,
				D3DE775E3317524E89E92EEB /* Pods-ContactApp.release.xcconfig */,
				E77BF270A152C8982778C614 /* Pods-ContactApp-ContactAppUITests.debug.xcconfig */,
				812C6AF0E0BCE211D9FE9875 /* Pods-ContactApp-ContactAppUITests.release.xcconfig */,
				B2600B10B0D54E6C602B16C8 /* Pods-ContactAppTests.debug.xcconfig */,
				F434EB9D98823274D3A1FC3B /* Pods-ContactAppTests.release.xcconfig */,
			);
			path = Pods;
			sourceTree = "<group>";
		};
		B65DFDD12356AA7F00901286 /* App */ = {
			isa = PBXGroup;
			children = (
				B6F4B1A42356A853008CC1E2 /* AppDelegate.swift */,
				B65DFDD22356AA8E00901286 /* AppRoot.swift */,
			);
			path = App;
			sourceTree = "<group>";
		};
		B65DFDD42356AB0600901286 /* Module */ = {
			isa = PBXGroup;
			children = (
				B65DFDD72356AB2100901286 /* ContactList */,
			);
			path = Module;
			sourceTree = "<group>";
		};
		B65DFDD72356AB2100901286 /* ContactList */ = {
			isa = PBXGroup;
			children = (
				B65DFDD82356AB2100901286 /* UI */,
				B65DFDF22356ACF500901286 /* Entity */,
				B65DFDDB2356AB2100901286 /* Contract */,
				B65DFDDD2356AB2100901286 /* Presenter */,
				B65DFDDF2356AB2100901286 /* Interactor */,
				B65DFDE12356AB2100901286 /* Router */,
			);
			path = ContactList;
			sourceTree = "<group>";
		};
		B65DFDD82356AB2100901286 /* UI */ = {
			isa = PBXGroup;
			children = (
				B65DFDF52356AD4D00901286 /* Components */,
				B65DFDD92356AB2100901286 /* ContactListUI.swift */,
				B65DFDDA2356AB2100901286 /* ContactListUI.xib */,
			);
			path = UI;
			sourceTree = "<group>";
		};
		B65DFDDB2356AB2100901286 /* Contract */ = {
			isa = PBXGroup;
			children = (
				B65DFDDC2356AB2100901286 /* ContactListContract.swift */,
			);
			path = Contract;
			sourceTree = "<group>";
		};
		B65DFDDD2356AB2100901286 /* Presenter */ = {
			isa = PBXGroup;
			children = (
				B65DFDDE2356AB2100901286 /* ContactListPresenter.swift */,
			);
			path = Presenter;
			sourceTree = "<group>";
		};
		B65DFDDF2356AB2100901286 /* Interactor */ = {
			isa = PBXGroup;
			children = (
				B65DFDE02356AB2100901286 /* ContactListInteractor.swift */,
			);
			path = Interactor;
			sourceTree = "<group>";
		};
		B65DFDE12356AB2100901286 /* Router */ = {
			isa = PBXGroup;
			children = (
				B65DFDE22356AB2100901286 /* ContactListRouter.swift */,
			);
			path = Router;
			sourceTree = "<group>";
		};
		B65DFDE92356AB9500901286 /* Shared */ = {
			isa = PBXGroup;
			children = (
				B65DFDEA2356ABA600901286 /* PresentableView.swift */,
				B65DFDEC2356AC1B00901286 /* DataSource.swift */,
				B65DFDEE2356AC3C00901286 /* CellRepresentable.swift */,
			);
			path = Shared;
			sourceTree = "<group>";
		};
		B65DFDF22356ACF500901286 /* Entity */ = {
			isa = PBXGroup;
			children = (
				B65DFDF02356ACD000901286 /* ContactListViewModel.swift */,
				B65DFDF32356AD2200901286 /* CommonContactListViewCellKind.swift */,
				B65DFDFD2356ADB500901286 /* ContactListCellType.swift */,
			);
			path = Entity;
			sourceTree = "<group>";
		};
		B65DFDF52356AD4D00901286 /* Components */ = {
			isa = PBXGroup;
			children = (
				B65DFDFA2356AD6A00901286 /* Entity */,
				B65DFDF62356AD6600901286 /* ContactListsTableViewCell.swift */,
				B65DFDF72356AD6600901286 /* ContactListsTableViewCell.xib */,
			);
			path = Components;
			sourceTree = "<group>";
		};
		B65DFDFA2356AD6A00901286 /* Entity */ = {
			isa = PBXGroup;
			children = (
				B65DFDFB2356AD7F00901286 /* ContactListsTableViewCellViewModel.swift */,
			);
			path = Entity;
			sourceTree = "<group>";
		};
		B65DFDFF2356AF3D00901286 /* Components */ = {
			isa = PBXGroup;
			children = (
				B65DFE002356AF6300901286 /* LoadingPlaceholderView */,
			);
			path = Components;
			sourceTree = "<group>";
		};
		B65DFE002356AF6300901286 /* LoadingPlaceholderView */ = {
			isa = PBXGroup;
			children = (
				B65DFE012356AF6300901286 /* UIBezierPath+.swift */,
				B65DFE022356AF6300901286 /* LoadingPlaceholderView.swift */,
				B65DFE032356AF6300901286 /* Coverable+UIKit.swift */,
				B65DFE042356AF6300901286 /* Coverable.swift */,
			);
			path = LoadingPlaceholderView;
			sourceTree = "<group>";
		};
		B6F4B1982356A853008CC1E2 = {
			isa = PBXGroup;
			children = (
				B6F4B1A32356A853008CC1E2 /* ContactApp */,
				B6F4B1BA2356A855008CC1E2 /* ContactAppTests */,
				B6F4B1C52356A855008CC1E2 /* ContactAppUITests */,
				B6F4B1A22356A853008CC1E2 /* Products */,
				5277860D9D77F72A753932A2 /* Pods */,
				DBBE0472E670DEE4DB8F2F20 /* Frameworks */,
			);
			sourceTree = "<group>";
		};
		B6F4B1A22356A853008CC1E2 /* Products */ = {
			isa = PBXGroup;
			children = (
				B6F4B1A12356A853008CC1E2 /* ContactApp.app */,
				B6F4B1B72356A855008CC1E2 /* ContactAppTests.xctest */,
				B6F4B1C22356A855008CC1E2 /* ContactAppUITests.xctest */,
			);
			name = Products;
			sourceTree = "<group>";
		};
		B6F4B1A32356A853008CC1E2 /* ContactApp */ = {
			isa = PBXGroup;
			children = (
				B65DFDFF2356AF3D00901286 /* Components */,
				B65DFDE92356AB9500901286 /* Shared */,
				B65DFDD12356AA7F00901286 /* App */,
				B65DFDD42356AB0600901286 /* Module */,
				B6F4B1AD2356A855008CC1E2 /* Assets.xcassets */,
				B6F4B1AF2356A855008CC1E2 /* LaunchScreen.storyboard */,
				B6F4B1B22356A855008CC1E2 /* Info.plist */,
			);
			path = ContactApp;
			sourceTree = "<group>";
		};
		B6F4B1BA2356A855008CC1E2 /* ContactAppTests */ = {
			isa = PBXGroup;
			children = (
				B6F4B1BB2356A855008CC1E2 /* ContactAppTests.swift */,
				B6F4B1BD2356A855008CC1E2 /* Info.plist */,
			);
			path = ContactAppTests;
			sourceTree = "<group>";
		};
		B6F4B1C52356A855008CC1E2 /* ContactAppUITests */ = {
			isa = PBXGroup;
			children = (
				B6F4B1C62356A855008CC1E2 /* ContactAppUITests.swift */,
				B6F4B1C82356A855008CC1E2 /* Info.plist */,
			);
			path = ContactAppUITests;
			sourceTree = "<group>";
		};
		DBBE0472E670DEE4DB8F2F20 /* Frameworks */ = {
			isa = PBXGroup;
			children = (
				27ED4DA7D16740FBDA37D715 /* Pods_ContactApp.framework */,
				AE50DA5C961B96AB4D89E176 /* Pods_ContactApp_ContactAppUITests.framework */,
				FBEB0EDFE813D0EC87A26CE1 /* Pods_ContactAppTests.framework */,
			);
			name = Frameworks;
			sourceTree = "<group>";
		};
/* End PBXGroup section */

/* Begin PBXNativeTarget section */
		B6F4B1A02356A853008CC1E2 /* ContactApp */ = {
			isa = PBXNativeTarget;
			buildConfigurationList = B6F4B1CB2356A855008CC1E2 /* Build configuration list for PBXNativeTarget "ContactApp" */;
			buildPhases = (
				914645E4B3C60BF21880A992 /* [CP] Check Pods Manifest.lock */,
				B6F4B19D2356A853008CC1E2 /* Sources */,
				B6F4B19E2356A853008CC1E2 /* Frameworks */,
				B6F4B19F2356A853008CC1E2 /* Resources */,
				A46F2AB4583D333532C705C6 /* [CP] Embed Pods Frameworks */,
			);
			buildRules = (
			);
			dependencies = (
			);
			name = ContactApp;
			productName = ContactApp;
			productReference = B6F4B1A12356A853008CC1E2 /* ContactApp.app */;
			productType = "com.apple.product-type.application";
		};
		B6F4B1B62356A855008CC1E2 /* ContactAppTests */ = {
			isa = PBXNativeTarget;
			buildConfigurationList = B6F4B1CE2356A855008CC1E2 /* Build configuration list for PBXNativeTarget "ContactAppTests" */;
			buildPhases = (
				D1754DB2BBF4B0FD59784781 /* [CP] Check Pods Manifest.lock */,
				B6F4B1B32356A855008CC1E2 /* Sources */,
				B6F4B1B42356A855008CC1E2 /* Frameworks */,
				B6F4B1B52356A855008CC1E2 /* Resources */,
			);
			buildRules = (
			);
			dependencies = (
				B6F4B1B92356A855008CC1E2 /* PBXTargetDependency */,
			);
			name = ContactAppTests;
			productName = ContactAppTests;
			productReference = B6F4B1B72356A855008CC1E2 /* ContactAppTests.xctest */;
			productType = "com.apple.product-type.bundle.unit-test";
		};
		B6F4B1C12356A855008CC1E2 /* ContactAppUITests */ = {
			isa = PBXNativeTarget;
			buildConfigurationList = B6F4B1D12356A855008CC1E2 /* Build configuration list for PBXNativeTarget "ContactAppUITests" */;
			buildPhases = (
				ACE1DC072A6920E80CB4934C /* [CP] Check Pods Manifest.lock */,
				B6F4B1BE2356A855008CC1E2 /* Sources */,
				B6F4B1BF2356A855008CC1E2 /* Frameworks */,
				B6F4B1C02356A855008CC1E2 /* Resources */,
				A12D648CFEE3574F7FF0A8A4 /* [CP] Embed Pods Frameworks */,
			);
			buildRules = (
			);
			dependencies = (
				B6F4B1C42356A855008CC1E2 /* PBXTargetDependency */,
			);
			name = ContactAppUITests;
			productName = ContactAppUITests;
			productReference = B6F4B1C22356A855008CC1E2 /* ContactAppUITests.xctest */;
			productType = "com.apple.product-type.bundle.ui-testing";
		};
/* End PBXNativeTarget section */

/* Begin PBXProject section */
		B6F4B1992356A853008CC1E2 /* Project object */ = {
			isa = PBXProject;
			attributes = {
				LastSwiftUpdateCheck = 1100;
				LastUpgradeCheck = 1100;
				ORGANIZATIONNAME = "Agus Cahyono";
				TargetAttributes = {
					B6F4B1A02356A853008CC1E2 = {
						CreatedOnToolsVersion = 11.0;
					};
					B6F4B1B62356A855008CC1E2 = {
						CreatedOnToolsVersion = 11.0;
						TestTargetID = B6F4B1A02356A853008CC1E2;
					};
					B6F4B1C12356A855008CC1E2 = {
						CreatedOnToolsVersion = 11.0;
						TestTargetID = B6F4B1A02356A853008CC1E2;
					};
				};
			};
			buildConfigurationList = B6F4B19C2356A853008CC1E2 /* Build configuration list for PBXProject "ContactApp" */;
			compatibilityVersion = "Xcode 9.3";
			developmentRegion = en;
			hasScannedForEncodings = 0;
			knownRegions = (
				en,
				Base,
			);
			mainGroup = B6F4B1982356A853008CC1E2;
			productRefGroup = B6F4B1A22356A853008CC1E2 /* Products */;
			projectDirPath = "";
			projectRoot = "";
			targets = (
				B6F4B1A02356A853008CC1E2 /* ContactApp */,
				B6F4B1B62356A855008CC1E2 /* ContactAppTests */,
				B6F4B1C12356A855008CC1E2 /* ContactAppUITests */,
			);
		};
/* End PBXProject section */

/* Begin PBXResourcesBuildPhase section */
		B6F4B19F2356A853008CC1E2 /* Resources */ = {
			isa = PBXResourcesBuildPhase;
			buildActionMask = 2147483647;
			files = (
				B65DFDF92356AD6600901286 /* ContactListsTableViewCell.xib in Resources */,
				B65DFDE42356AB2100901286 /* ContactListUI.xib in Resources */,
				B6F4B1B12356A855008CC1E2 /* LaunchScreen.storyboard in Resources */,
				B6F4B1AE2356A855008CC1E2 /* Assets.xcassets in Resources */,
			);
			runOnlyForDeploymentPostprocessing = 0;
		};
		B6F4B1B52356A855008CC1E2 /* Resources */ = {
			isa = PBXResourcesBuildPhase;
			buildActionMask = 2147483647;
			files = (
			);
			runOnlyForDeploymentPostprocessing = 0;
		};
		B6F4B1C02356A855008CC1E2 /* Resources */ = {
			isa = PBXResourcesBuildPhase;
			buildActionMask = 2147483647;
			files = (
			);
			runOnlyForDeploymentPostprocessing = 0;
		};
/* End PBXResourcesBuildPhase section */

/* Begin PBXShellScriptBuildPhase section */
		914645E4B3C60BF21880A992 /* [CP] Check Pods Manifest.lock */ = {
			isa = PBXShellScriptBuildPhase;
			buildActionMask = 2147483647;
			files = (
			);
			inputFileListPaths = (
			);
			inputPaths = (
				"${PODS_PODFILE_DIR_PATH}/Podfile.lock",
				"${PODS_ROOT}/Manifest.lock",
			);
			name = "[CP] Check Pods Manifest.lock";
			outputFileListPaths = (
			);
			outputPaths = (
				"$(DERIVED_FILE_DIR)/Pods-ContactApp-checkManifestLockResult.txt",
			);
			runOnlyForDeploymentPostprocessing = 0;
			shellPath = /bin/sh;
			shellScript = "diff \"${PODS_PODFILE_DIR_PATH}/Podfile.lock\" \"${PODS_ROOT}/Manifest.lock\" > /dev/null\nif [ $? != 0 ] ; then\n    # print error to STDERR\n    echo \"error: The sandbox is not in sync with the Podfile.lock. Run 'pod install' or update your CocoaPods installation.\" >&2\n    exit 1\nfi\n# This output is used by Xcode 'outputs' to avoid re-running this script phase.\necho \"SUCCESS\" > \"${SCRIPT_OUTPUT_FILE_0}\"\n";
			showEnvVarsInLog = 0;
		};
		A12D648CFEE3574F7FF0A8A4 /* [CP] Embed Pods Frameworks */ = {
			isa = PBXShellScriptBuildPhase;
			buildActionMask = 2147483647;
			files = (
			);
			inputFileListPaths = (
				"${PODS_ROOT}/Target Support Files/Pods-ContactApp-ContactAppUITests/Pods-ContactApp-ContactAppUITests-frameworks-${CONFIGURATION}-input-files.xcfilelist",
			);
			name = "[CP] Embed Pods Frameworks";
			outputFileListPaths = (
				"${PODS_ROOT}/Target Support Files/Pods-ContactApp-ContactAppUITests/Pods-ContactApp-ContactAppUITests-frameworks-${CONFIGURATION}-output-files.xcfilelist",
			);
			runOnlyForDeploymentPostprocessing = 0;
			shellPath = /bin/sh;
			shellScript = "\"${PODS_ROOT}/Target Support Files/Pods-ContactApp-ContactAppUITests/Pods-ContactApp-ContactAppUITests-frameworks.sh\"\n";
			showEnvVarsInLog = 0;
		};
		A46F2AB4583D333532C705C6 /* [CP] Embed Pods Frameworks */ = {
			isa = PBXShellScriptBuildPhase;
			buildActionMask = 2147483647;
			files = (
			);
			inputFileListPaths = (
				"${PODS_ROOT}/Target Support Files/Pods-ContactApp/Pods-ContactApp-frameworks-${CONFIGURATION}-input-files.xcfilelist",
			);
			name = "[CP] Embed Pods Frameworks";
			outputFileListPaths = (
				"${PODS_ROOT}/Target Support Files/Pods-ContactApp/Pods-ContactApp-frameworks-${CONFIGURATION}-output-files.xcfilelist",
			);
			runOnlyForDeploymentPostprocessing = 0;
			shellPath = /bin/sh;
			shellScript = "\"${PODS_ROOT}/Target Support Files/Pods-ContactApp/Pods-ContactApp-frameworks.sh\"\n";
			showEnvVarsInLog = 0;
		};
		ACE1DC072A6920E80CB4934C /* [CP] Check Pods Manifest.lock */ = {
			isa = PBXShellScriptBuildPhase;
			buildActionMask = 2147483647;
			files = (
			);
			inputFileListPaths = (
			);
			inputPaths = (
				"${PODS_PODFILE_DIR_PATH}/Podfile.lock",
				"${PODS_ROOT}/Manifest.lock",
			);
			name = "[CP] Check Pods Manifest.lock";
			outputFileListPaths = (
			);
			outputPaths = (
				"$(DERIVED_FILE_DIR)/Pods-ContactApp-ContactAppUITests-checkManifestLockResult.txt",
			);
			runOnlyForDeploymentPostprocessing = 0;
			shellPath = /bin/sh;
			shellScript = "diff \"${PODS_PODFILE_DIR_PATH}/Podfile.lock\" \"${PODS_ROOT}/Manifest.lock\" > /dev/null\nif [ $? != 0 ] ; then\n    # print error to STDERR\n    echo \"error: The sandbox is not in sync with the Podfile.lock. Run 'pod install' or update your CocoaPods installation.\" >&2\n    exit 1\nfi\n# This output is used by Xcode 'outputs' to avoid re-running this script phase.\necho \"SUCCESS\" > \"${SCRIPT_OUTPUT_FILE_0}\"\n";
			showEnvVarsInLog = 0;
		};
		D1754DB2BBF4B0FD59784781 /* [CP] Check Pods Manifest.lock */ = {
			isa = PBXShellScriptBuildPhase;
			buildActionMask = 2147483647;
			files = (
			);
			inputFileListPaths = (
			);
			inputPaths = (
				"${PODS_PODFILE_DIR_PATH}/Podfile.lock",
				"${PODS_ROOT}/Manifest.lock",
			);
			name = "[CP] Check Pods Manifest.lock";
			outputFileListPaths = (
			);
			outputPaths = (
				"$(DERIVED_FILE_DIR)/Pods-ContactAppTests-checkManifestLockResult.txt",
			);
			runOnlyForDeploymentPostprocessing = 0;
			shellPath = /bin/sh;
			shellScript = "diff \"${PODS_PODFILE_DIR_PATH}/Podfile.lock\" \"${PODS_ROOT}/Manifest.lock\" > /dev/null\nif [ $? != 0 ] ; then\n    # print error to STDERR\n    echo \"error: The sandbox is not in sync with the Podfile.lock. Run 'pod install' or update your CocoaPods installation.\" >&2\n    exit 1\nfi\n# This output is used by Xcode 'outputs' to avoid re-running this script phase.\necho \"SUCCESS\" > \"${SCRIPT_OUTPUT_FILE_0}\"\n";
			showEnvVarsInLog = 0;
		};
/* End PBXShellScriptBuildPhase section */

/* Begin PBXSourcesBuildPhase section */
		B6F4B19D2356A853008CC1E2 /* Sources */ = {
			isa = PBXSourcesBuildPhase;
			buildActionMask = 2147483647;
			files = (
				B65DFDE72356AB2100901286 /* ContactListInteractor.swift in Sources */,
				B65DFDD32356AA8E00901286 /* AppRoot.swift in Sources */,
				B65DFDE52356AB2100901286 /* ContactListContract.swift in Sources */,
				B65DFDF42356AD2200901286 /* CommonContactListViewCellKind.swift in Sources */,
				B65DFDEB2356ABA600901286 /* PresentableView.swift in Sources */,
				B65DFE052356AF6300901286 /* UIBezierPath+.swift in Sources */,
				B65DFE062356AF6300901286 /* LoadingPlaceholderView.swift in Sources */,
				B6F4B1A52356A853008CC1E2 /* AppDelegate.swift in Sources */,
				B65DFDE62356AB2100901286 /* ContactListPresenter.swift in Sources */,
				B65DFDE32356AB2100901286 /* ContactListUI.swift in Sources */,
				B65DFDF82356AD6600901286 /* ContactListsTableViewCell.swift in Sources */,
				B65DFDFC2356AD7F00901286 /* ContactListsTableViewCellViewModel.swift in Sources */,
				B65DFDEF2356AC3C00901286 /* CellRepresentable.swift in Sources */,
				B65DFDF12356ACD000901286 /* ContactListViewModel.swift in Sources */,
				B65DFDED2356AC1B00901286 /* DataSource.swift in Sources */,
				B65DFE082356AF6300901286 /* Coverable.swift in Sources */,
				B65DFDFE2356ADB500901286 /* ContactListCellType.swift in Sources */,
				B65DFE072356AF6300901286 /* Coverable+UIKit.swift in Sources */,
				B65DFDE82356AB2100901286 /* ContactListRouter.swift in Sources */,
			);
			runOnlyForDeploymentPostprocessing = 0;
		};
		B6F4B1B32356A855008CC1E2 /* Sources */ = {
			isa = PBXSourcesBuildPhase;
			buildActionMask = 2147483647;
			files = (
				B6F4B1BC2356A855008CC1E2 /* ContactAppTests.swift in Sources */,
			);
			runOnlyForDeploymentPostprocessing = 0;
		};
		B6F4B1BE2356A855008CC1E2 /* Sources */ = {
			isa = PBXSourcesBuildPhase;
			buildActionMask = 2147483647;
			files = (
				B6F4B1C72356A855008CC1E2 /* ContactAppUITests.swift in Sources */,
			);
			runOnlyForDeploymentPostprocessing = 0;
		};
/* End PBXSourcesBuildPhase section */

/* Begin PBXTargetDependency section */
		B6F4B1B92356A855008CC1E2 /* PBXTargetDependency */ = {
			isa = PBXTargetDependency;
			target = B6F4B1A02356A853008CC1E2 /* ContactApp */;
			targetProxy = B6F4B1B82356A855008CC1E2 /* PBXContainerItemProxy */;
		};
		B6F4B1C42356A855008CC1E2 /* PBXTargetDependency */ = {
			isa = PBXTargetDependency;
			target = B6F4B1A02356A853008CC1E2 /* ContactApp */;
			targetProxy = B6F4B1C32356A855008CC1E2 /* PBXContainerItemProxy */;
		};
/* End PBXTargetDependency section */

/* Begin PBXVariantGroup section */
		B6F4B1AF2356A855008CC1E2 /* LaunchScreen.storyboard */ = {
			isa = PBXVariantGroup;
			children = (
				B6F4B1B02356A855008CC1E2 /* Base */,
			);
			name = LaunchScreen.storyboard;
			sourceTree = "<group>";
		};
/* End PBXVariantGroup section */

/* Begin XCBuildConfiguration section */
		B6F4B1C92356A855008CC1E2 /* Debug */ = {
			isa = XCBuildConfiguration;
			buildSettings = {
				ALWAYS_SEARCH_USER_PATHS = NO;
				CLANG_ANALYZER_NONNULL = YES;
				CLANG_ANALYZER_NUMBER_OBJECT_CONVERSION = YES_AGGRESSIVE;
				CLANG_CXX_LANGUAGE_STANDARD = "gnu++14";
				CLANG_CXX_LIBRARY = "libc++";
				CLANG_ENABLE_MODULES = YES;
				CLANG_ENABLE_OBJC_ARC = YES;
				CLANG_ENABLE_OBJC_WEAK = YES;
				CLANG_WARN_BLOCK_CAPTURE_AUTORELEASING = YES;
				CLANG_WARN_BOOL_CONVERSION = YES;
				CLANG_WARN_COMMA = YES;
				CLANG_WARN_CONSTANT_CONVERSION = YES;
				CLANG_WARN_DEPRECATED_OBJC_IMPLEMENTATIONS = YES;
				CLANG_WARN_DIRECT_OBJC_ISA_USAGE = YES_ERROR;
				CLANG_WARN_DOCUMENTATION_COMMENTS = YES;
				CLANG_WARN_EMPTY_BODY = YES;
				CLANG_WARN_ENUM_CONVERSION = YES;
				CLANG_WARN_INFINITE_RECURSION = YES;
				CLANG_WARN_INT_CONVERSION = YES;
				CLANG_WARN_NON_LITERAL_NULL_CONVERSION = YES;
				CLANG_WARN_OBJC_IMPLICIT_RETAIN_SELF = YES;
				CLANG_WARN_OBJC_LITERAL_CONVERSION = YES;
				CLANG_WARN_OBJC_ROOT_CLASS = YES_ERROR;
				CLANG_WARN_RANGE_LOOP_ANALYSIS = YES;
				CLANG_WARN_STRICT_PROTOTYPES = YES;
				CLANG_WARN_SUSPICIOUS_MOVE = YES;
				CLANG_WARN_UNGUARDED_AVAILABILITY = YES_AGGRESSIVE;
				CLANG_WARN_UNREACHABLE_CODE = YES;
				CLANG_WARN__DUPLICATE_METHOD_MATCH = YES;
				COPY_PHASE_STRIP = NO;
				DEBUG_INFORMATION_FORMAT = dwarf;
				ENABLE_STRICT_OBJC_MSGSEND = YES;
				ENABLE_TESTABILITY = YES;
				GCC_C_LANGUAGE_STANDARD = gnu11;
				GCC_DYNAMIC_NO_PIC = NO;
				GCC_NO_COMMON_BLOCKS = YES;
				GCC_OPTIMIZATION_LEVEL = 0;
				GCC_PREPROCESSOR_DEFINITIONS = (
					"DEBUG=1",
					"$(inherited)",
				);
				GCC_WARN_64_TO_32_BIT_CONVERSION = YES;
				GCC_WARN_ABOUT_RETURN_TYPE = YES_ERROR;
				GCC_WARN_UNDECLARED_SELECTOR = YES;
				GCC_WARN_UNINITIALIZED_AUTOS = YES_AGGRESSIVE;
				GCC_WARN_UNUSED_FUNCTION = YES;
				GCC_WARN_UNUSED_VARIABLE = YES;
				IPHONEOS_DEPLOYMENT_TARGET = 13.0;
				MTL_ENABLE_DEBUG_INFO = INCLUDE_SOURCE;
				MTL_FAST_MATH = YES;
				ONLY_ACTIVE_ARCH = YES;
				SDKROOT = iphoneos;
				SWIFT_ACTIVE_COMPILATION_CONDITIONS = DEBUG;
				SWIFT_OPTIMIZATION_LEVEL = "-Onone";
			};
			name = Debug;
		};
		B6F4B1CA2356A855008CC1E2 /* Release */ = {
			isa = XCBuildConfiguration;
			buildSettings = {
				ALWAYS_SEARCH_USER_PATHS = NO;
				CLANG_ANALYZER_NONNULL = YES;
				CLANG_ANALYZER_NUMBER_OBJECT_CONVERSION = YES_AGGRESSIVE;
				CLANG_CXX_LANGUAGE_STANDARD = "gnu++14";
				CLANG_CXX_LIBRARY = "libc++";
				CLANG_ENABLE_MODULES = YES;
				CLANG_ENABLE_OBJC_ARC = YES;
				CLANG_ENABLE_OBJC_WEAK = YES;
				CLANG_WARN_BLOCK_CAPTURE_AUTORELEASING = YES;
				CLANG_WARN_BOOL_CONVERSION = YES;
				CLANG_WARN_COMMA = YES;
				CLANG_WARN_CONSTANT_CONVERSION = YES;
				CLANG_WARN_DEPRECATED_OBJC_IMPLEMENTATIONS = YES;
				CLANG_WARN_DIRECT_OBJC_ISA_USAGE = YES_ERROR;
				CLANG_WARN_DOCUMENTATION_COMMENTS = YES;
				CLANG_WARN_EMPTY_BODY = YES;
				CLANG_WARN_ENUM_CONVERSION = YES;
				CLANG_WARN_INFINITE_RECURSION = YES;
				CLANG_WARN_INT_CONVERSION = YES;
				CLANG_WARN_NON_LITERAL_NULL_CONVERSION = YES;
				CLANG_WARN_OBJC_IMPLICIT_RETAIN_SELF = YES;
				CLANG_WARN_OBJC_LITERAL_CONVERSION = YES;
				CLANG_WARN_OBJC_ROOT_CLASS = YES_ERROR;
				CLANG_WARN_RANGE_LOOP_ANALYSIS = YES;
				CLANG_WARN_STRICT_PROTOTYPES = YES;
				CLANG_WARN_SUSPICIOUS_MOVE = YES;
				CLANG_WARN_UNGUARDED_AVAILABILITY = YES_AGGRESSIVE;
				CLANG_WARN_UNREACHABLE_CODE = YES;
				CLANG_WARN__DUPLICATE_METHOD_MATCH = YES;
				COPY_PHASE_STRIP = NO;
				DEBUG_INFORMATION_FORMAT = "dwarf-with-dsym";
				ENABLE_NS_ASSERTIONS = NO;
				ENABLE_STRICT_OBJC_MSGSEND = YES;
				GCC_C_LANGUAGE_STANDARD = gnu11;
				GCC_NO_COMMON_BLOCKS = YES;
				GCC_WARN_64_TO_32_BIT_CONVERSION = YES;
				GCC_WARN_ABOUT_RETURN_TYPE = YES_ERROR;
				GCC_WARN_UNDECLARED_SELECTOR = YES;
				GCC_WARN_UNINITIALIZED_AUTOS = YES_AGGRESSIVE;
				GCC_WARN_UNUSED_FUNCTION = YES;
				GCC_WARN_UNUSED_VARIABLE = YES;
				IPHONEOS_DEPLOYMENT_TARGET = 13.0;
				MTL_ENABLE_DEBUG_INFO = NO;
				MTL_FAST_MATH = YES;
				SDKROOT = iphoneos;
				SWIFT_COMPILATION_MODE = wholemodule;
				SWIFT_OPTIMIZATION_LEVEL = "-O";
				VALIDATE_PRODUCT = YES;
			};
			name = Release;
		};
		B6F4B1CC2356A855008CC1E2 /* Debug */ = {
			isa = XCBuildConfiguration;
			baseConfigurationReference = C64C043BB203A5B227FAEFFA /* Pods-ContactApp.debug.xcconfig */;
			buildSettings = {
				ASSETCATALOG_COMPILER_APPICON_NAME = AppIcon;
				CODE_SIGN_STYLE = Automatic;
				INFOPLIST_FILE = ContactApp/Info.plist;
				LD_RUNPATH_SEARCH_PATHS = (
					"$(inherited)",
					"@executable_path/Frameworks",
				);
				PRODUCT_BUNDLE_IDENTIFIER = id.masagus.ContactApp;
				PRODUCT_NAME = "$(TARGET_NAME)";
				SWIFT_VERSION = 5.0;
				TARGETED_DEVICE_FAMILY = "1,2";
			};
			name = Debug;
		};
		B6F4B1CD2356A855008CC1E2 /* Release */ = {
			isa = XCBuildConfiguration;
			baseConfigurationReference = D3DE775E3317524E89E92EEB /* Pods-ContactApp.release.xcconfig */;
			buildSettings = {
				ASSETCATALOG_COMPILER_APPICON_NAME = AppIcon;
				CODE_SIGN_STYLE = Automatic;
				INFOPLIST_FILE = ContactApp/Info.plist;
				LD_RUNPATH_SEARCH_PATHS = (
					"$(inherited)",
					"@executable_path/Frameworks",
				);
				PRODUCT_BUNDLE_IDENTIFIER = id.masagus.ContactApp;
				PRODUCT_NAME = "$(TARGET_NAME)";
				SWIFT_VERSION = 5.0;
				TARGETED_DEVICE_FAMILY = "1,2";
			};
			name = Release;
		};
		B6F4B1CF2356A855008CC1E2 /* Debug */ = {
			isa = XCBuildConfiguration;
			baseConfigurationReference = B2600B10B0D54E6C602B16C8 /* Pods-ContactAppTests.debug.xcconfig */;
			buildSettings = {
				ALWAYS_EMBED_SWIFT_STANDARD_LIBRARIES = YES;
				BUNDLE_LOADER = "$(TEST_HOST)";
				CODE_SIGN_STYLE = Automatic;
				INFOPLIST_FILE = ContactAppTests/Info.plist;
				IPHONEOS_DEPLOYMENT_TARGET = 13.0;
				LD_RUNPATH_SEARCH_PATHS = (
					"$(inherited)",
					"@executable_path/Frameworks",
					"@loader_path/Frameworks",
				);
				PRODUCT_BUNDLE_IDENTIFIER = id.masagus.ContactAppTests;
				PRODUCT_NAME = "$(TARGET_NAME)";
				SWIFT_VERSION = 5.0;
				TARGETED_DEVICE_FAMILY = "1,2";
				TEST_HOST = "$(BUILT_PRODUCTS_DIR)/ContactApp.app/ContactApp";
			};
			name = Debug;
		};
		B6F4B1D02356A855008CC1E2 /* Release */ = {
			isa = XCBuildConfiguration;
			baseConfigurationReference = F434EB9D98823274D3A1FC3B /* Pods-ContactAppTests.release.xcconfig */;
			buildSettings = {
				ALWAYS_EMBED_SWIFT_STANDARD_LIBRARIES = YES;
				BUNDLE_LOADER = "$(TEST_HOST)";
				CODE_SIGN_STYLE = Automatic;
				INFOPLIST_FILE = ContactAppTests/Info.plist;
				IPHONEOS_DEPLOYMENT_TARGET = 13.0;
				LD_RUNPATH_SEARCH_PATHS = (
					"$(inherited)",
					"@executable_path/Frameworks",
					"@loader_path/Frameworks",
				);
				PRODUCT_BUNDLE_IDENTIFIER = id.masagus.ContactAppTests;
				PRODUCT_NAME = "$(TARGET_NAME)";
				SWIFT_VERSION = 5.0;
				TARGETED_DEVICE_FAMILY = "1,2";
				TEST_HOST = "$(BUILT_PRODUCTS_DIR)/ContactApp.app/ContactApp";
			};
			name = Release;
		};
		B6F4B1D22356A855008CC1E2 /* Debug */ = {
			isa = XCBuildConfiguration;
			baseConfigurationReference = E77BF270A152C8982778C614 /* Pods-ContactApp-ContactAppUITests.debug.xcconfig */;
			buildSettings = {
				ALWAYS_EMBED_SWIFT_STANDARD_LIBRARIES = YES;
				CODE_SIGN_STYLE = Automatic;
				INFOPLIST_FILE = ContactAppUITests/Info.plist;
				LD_RUNPATH_SEARCH_PATHS = (
					"$(inherited)",
					"@executable_path/Frameworks",
					"@loader_path/Frameworks",
				);
				PRODUCT_BUNDLE_IDENTIFIER = id.masagus.ContactAppUITests;
				PRODUCT_NAME = "$(TARGET_NAME)";
				SWIFT_VERSION = 5.0;
				TARGETED_DEVICE_FAMILY = "1,2";
				TEST_TARGET_NAME = ContactApp;
			};
			name = Debug;
		};
		B6F4B1D32356A855008CC1E2 /* Release */ = {
			isa = XCBuildConfiguration;
			baseConfigurationReference = 812C6AF0E0BCE211D9FE9875 /* Pods-ContactApp-ContactAppUITests.release.xcconfig */;
			buildSettings = {
				ALWAYS_EMBED_SWIFT_STANDARD_LIBRARIES = YES;
				CODE_SIGN_STYLE = Automatic;
				INFOPLIST_FILE = ContactAppUITests/Info.plist;
				LD_RUNPATH_SEARCH_PATHS = (
					"$(inherited)",
					"@executable_path/Frameworks",
					"@loader_path/Frameworks",
				);
				PRODUCT_BUNDLE_IDENTIFIER = id.masagus.ContactAppUITests;
				PRODUCT_NAME = "$(TARGET_NAME)";
				SWIFT_VERSION = 5.0;
				TARGETED_DEVICE_FAMILY = "1,2";
				TEST_TARGET_NAME = ContactApp;
			};
			name = Release;
		};
/* End XCBuildConfiguration section */

/* Begin XCConfigurationList section */
		B6F4B19C2356A853008CC1E2 /* Build configuration list for PBXProject "ContactApp" */ = {
			isa = XCConfigurationList;
			buildConfigurations = (
				B6F4B1C92356A855008CC1E2 /* Debug */,
				B6F4B1CA2356A855008CC1E2 /* Release */,
			);
			defaultConfigurationIsVisible = 0;
			defaultConfigurationName = Release;
		};
		B6F4B1CB2356A855008CC1E2 /* Build configuration list for PBXNativeTarget "ContactApp" */ = {
			isa = XCConfigurationList;
			buildConfigurations = (
				B6F4B1CC2356A855008CC1E2 /* Debug */,
				B6F4B1CD2356A855008CC1E2 /* Release */,
			);
			defaultConfigurationIsVisible = 0;
			defaultConfigurationName = Release;
		};
		B6F4B1CE2356A855008CC1E2 /* Build configuration list for PBXNativeTarget "ContactAppTests" */ = {
			isa = XCConfigurationList;
			buildConfigurations = (
				B6F4B1CF2356A855008CC1E2 /* Debug */,
				B6F4B1D02356A855008CC1E2 /* Release */,
			);
			defaultConfigurationIsVisible = 0;
			defaultConfigurationName = Release;
		};
		B6F4B1D12356A855008CC1E2 /* Build configuration list for PBXNativeTarget "ContactAppUITests" */ = {
			isa = XCConfigurationList;
			buildConfigurations = (
				B6F4B1D22356A855008CC1E2 /* Debug */,
				B6F4B1D32356A855008CC1E2 /* Release */,
			);
			defaultConfigurationIsVisible = 0;
			defaultConfigurationName = Release;
		};
/* End XCConfigurationList section */
	};
	rootObject = B6F4B1992356A853008CC1E2 /* Project object */;
}
